github.com/gorilla/handlers v1.4.0 h1:XulKRWSQK5uChr4pEgSE4Tc/OcmnU9GJuSwdog/tZsA=
github.com/gorilla/handlers v1.4.0/go.mod h1:Qkdc/uu4tH4g6mTK6auzZ766c4CA0Ng8+o/OAirnOIQ=
github.com/name5566/leaf v0.0.0-20171010100004-09f6b6dfd7a6 h1:rBC6Jsyr0Fer6JmcNngPFwgYYSwoxzvs9GZ4xB8QgI4=
github.com/name5566/leaf v0.0.0-20171010100004-09f6b6dfd7a6/go.mod h1:JrOIxq3vDxvtuEI7Kmm2yqkuBfuT9DMLFMnCyYHLaKM=
github.com/pkg/errors v0.0.0-20180911062113-c059e472caf7 h1:FBnmUJV+O80F5xekiALhCgT0/QvrSw9JgidANHTm4Cw=
github.com/pkg/errors v0.0.0-20180911062113-c059e472caf7/go.mod h1:bwawxfHBFNV+L2hUp1rHADufV3IMtnDRdf1r5NINEl0=
golang.org/x/sys v0.0.0-20180326154331-13d03a9a82fb/go.mod h1:STP8DvDyc/dI5b8T5hshtkjS+E42TnysNCUPdjciGhY=
